
Microsoft Visual Studio Solution File, Format Version 12.00
# Visual Studio Version 17
VisualStudioVersion = 17.0.31521.260
MinimumVisualStudioVersion = 10.0.40219.1
Project("{9A19103F-16F7-4668-BE54-9A1E7A4F7556}") = "Arcemi.Pathfinder.Kingmaker", "Arcemi.Pathfinder.Kingmaker\Arcemi.Pathfinder.Kingmaker.csproj", "{CA2B9F1E-3347-4BED-B19C-A10B8584E0A3}"
EndProject
Project("{2150E333-8FDC-42A3-9474-1A3956D46DE8}") = "Solution Items", "Solution Items", "{60DEEB5F-5287-408F-9D35-B1E8C0DDD699}"
	ProjectSection(SolutionItems) = preProject
		.gitattributes = .gitattributes
		.gitignore = .gitignore
		LICENSE = LICENSE
		README.md = README.md
	EndProjectSection
EndProject
Project("{9A19103F-16F7-4668-BE54-9A1E7A4F7556}") = "Arcemi.Pathfinder.SaveGameEditor", "Arcemi.Pathfinder.SaveGameEditor\Arcemi.Pathfinder.SaveGameEditor.csproj", "{2D904F62-F26A-4991-87FC-D2C7EF20DA52}"
EndProject
Project("{9A19103F-16F7-4668-BE54-9A1E7A4F7556}") = "Arcemi.Pathfinder.Tests", "Arcemi.Pathfinder.Tests\Arcemi.Pathfinder.Tests.csproj", "{F6FA9E2E-7227-4ED1-A97B-34AD6A199F4C}"
EndProject
Project("{2150E333-8FDC-42A3-9474-1A3956D46DE8}") = "Utilities", "Utilities", "{B1DBA9A2-A893-4CF4-8377-D8AEF3CFDFFA}"
EndProject
Project("{FAE04EC0-301F-11D3-BF4B-00C04F79EFBC}") = "BlueprintScanner", "Utilities\BlueprintScanner\BlueprintScanner.csproj", "{0E1E4394-D41E-4CF6-B0E2-28F2DBA734A9}"
EndProject
Global
	GlobalSection(SolutionConfigurationPlatforms) = preSolution
		Debug|Any CPU = Debug|Any CPU
		Release|Any CPU = Release|Any CPU
	EndGlobalSection
	GlobalSection(ProjectConfigurationPlatforms) = postSolution
		{CA2B9F1E-3347-4BED-B19C-A10B8584E0A3}.Debug|Any CPU.ActiveCfg = Debug|Any CPU
		{CA2B9F1E-3347-4BED-B19C-A10B8584E0A3}.Debug|Any CPU.Build.0 = Debug|Any CPU
		{CA2B9F1E-3347-4BED-B19C-A10B8584E0A3}.Release|Any CPU.ActiveCfg = Release|Any CPU
		{CA2B9F1E-3347-4BED-B19C-A10B8584E0A3}.Release|Any CPU.Build.0 = Release|Any CPU
		{2D904F62-F26A-4991-87FC-D2C7EF20DA52}.Debug|Any CPU.ActiveCfg = Debug|Any CPU
		{2D904F62-F26A-4991-87FC-D2C7EF20DA52}.Debug|Any CPU.Build.0 = Debug|Any CPU
		{2D904F62-F26A-4991-87FC-D2C7EF20DA52}.Release|Any CPU.ActiveCfg = Release|Any CPU
		{2D904F62-F26A-4991-87FC-D2C7EF20DA52}.Release|Any CPU.Build.0 = Release|Any CPU
		{F6FA9E2E-7227-4ED1-A97B-34AD6A199F4C}.Debug|Any CPU.ActiveCfg = Debug|Any CPU
		{F6FA9E2E-7227-4ED1-A97B-34AD6A199F4C}.Debug|Any CPU.Build.0 = Debug|Any CPU
		{F6FA9E2E-7227-4ED1-A97B-34AD6A199F4C}.Release|Any CPU.ActiveCfg = Release|Any CPU
		{F6FA9E2E-7227-4ED1-A97B-34AD6A199F4C}.Release|Any CPU.Build.0 = Release|Any CPU
		{0E1E4394-D41E-4CF6-B0E2-28F2DBA734A9}.Debug|Any CPU.ActiveCfg = Debug|Any CPU
		{0E1E4394-D41E-4CF6-B0E2-28F2DBA734A9}.Debug|Any CPU.Build.0 = Debug|Any CPU
		{0E1E4394-D41E-4CF6-B0E2-28F2DBA734A9}.Release|Any CPU.ActiveCfg = Release|Any CPU
		{0E1E4394-D41E-4CF6-B0E2-28F2DBA734A9}.Release|Any CPU.Build.0 = Release|Any CPU
	EndGlobalSection
	GlobalSection(SolutionProperties) = preSolution
		HideSolutionNode = FALSE
	EndGlobalSection
	GlobalSection(NestedProjects) = preSolution
		{0E1E4394-D41E-4CF6-B0E2-28F2DBA734A9} = {B1DBA9A2-A893-4CF4-8377-D8AEF3CFDFFA}
	EndGlobalSection
	GlobalSection(ExtensibilityGlobals) = postSolution
		SolutionGuid = {79B60F07-97FE-4DD8-A6C5-511E5F9790B0}
	EndGlobalSection
EndGlobal
